
Microsoft Visual Studio Solution File, Format Version 12.00
# Visual Studio Version 16
VisualStudioVersion = 16.0.31129.286
MinimumVisualStudioVersion = 10.0.40219.1
Project("{9A19103F-16F7-4668-BE54-9A1E7A4F7556}") = "CalculateNetWorth", "CalculateNetWorth.csproj", "{502F1C8F-1751-4D83-BBC9-910178ABB3DE}"
EndProject
Global
	GlobalSection(SolutionConfigurationPlatforms) = preSolution
		Debug|Any CPU = Debug|Any CPU
		Release|Any CPU = Release|Any CPU
	EndGlobalSection
	GlobalSection(ProjectConfigurationPlatforms) = postSolution
		{502F1C8F-1751-4D83-BBC9-910178ABB3DE}.Debug|Any CPU.ActiveCfg = Debug|Any CPU
		{502F1C8F-1751-4D83-BBC9-910178ABB3DE}.Debug|Any CPU.Build.0 = Debug|Any CPU
		{502F1C8F-1751-4D83-BBC9-910178ABB3DE}.Release|Any CPU.ActiveCfg = Release|Any CPU
		{502F1C8F-1751-4D83-BBC9-910178ABB3DE}.Release|Any CPU.Build.0 = Release|Any CPU
	EndGlobalSection
	GlobalSection(SolutionProperties) = preSolution
		HideSolutionNode = FALSE
	EndGlobalSection
	GlobalSection(ExtensibilityGlobals) = postSolution
		SolutionGuid = {72652550-B15D-46AF-8ACF-D52DDCE087F4}
	EndGlobalSection
EndGlobal
